
Microsoft Visual Studio Solution File, Format Version 12.00
# Visual Studio Version 17
VisualStudioVersion = 17.5.002.0
MinimumVisualStudioVersion = 10.0.40219.1
Project("{9A19103F-16F7-4668-BE54-9A1E7A4F7556}") = "bakery", "bakery.csproj", "{0A65D94C-C196-4F05-88C7-D1A2E1E06809}"
EndProject
Global
	GlobalSection(SolutionConfigurationPlatforms) = preSolution
		Debug|Any CPU = Debug|Any CPU
		Release|Any CPU = Release|Any CPU
	EndGlobalSection
	GlobalSection(ProjectConfigurationPlatforms) = postSolution
		{0A65D94C-C196-4F05-88C7-D1A2E1E06809}.Debug|Any CPU.ActiveCfg = Debug|Any CPU
		{0A65D94C-C196-4F05-88C7-D1A2E1E06809}.Debug|Any CPU.Build.0 = Debug|Any CPU
		{0A65D94C-C196-4F05-88C7-D1A2E1E06809}.Release|Any CPU.ActiveCfg = Release|Any CPU
		{0A65D94C-C196-4F05-88C7-D1A2E1E06809}.Release|Any CPU.Build.0 = Release|Any CPU
	EndGlobalSection
	GlobalSection(SolutionProperties) = preSolution
		HideSolutionNode = FALSE
	EndGlobalSection
	GlobalSection(ExtensibilityGlobals) = postSolution
		SolutionGuid = {3F8656C0-9A89-4312-B53D-24301E05871A}
	EndGlobalSection
EndGlobal
