
Microsoft Visual Studio Solution File, Format Version 12.00
# Visual Studio Version 17
VisualStudioVersion = 17.11.35327.3
MinimumVisualStudioVersion = 10.0.40219.1
Project("{FAE04EC0-301F-11D3-BF4B-00C04F79EFBC}") = "TodoEF", "TodoEF.csproj", "{59943395-AB40-4BA7-BD86-747742649509}"
EndProject
Global
	GlobalSection(SolutionConfigurationPlatforms) = preSolution
		Debug|Any CPU = Debug|Any CPU
		Release|Any CPU = Release|Any CPU
	EndGlobalSection
	GlobalSection(ProjectConfigurationPlatforms) = postSolution
		{59943395-AB40-4BA7-BD86-747742649509}.Debug|Any CPU.ActiveCfg = Debug|Any CPU
		{59943395-AB40-4BA7-BD86-747742649509}.Debug|Any CPU.Build.0 = Debug|Any CPU
		{59943395-AB40-4BA7-BD86-747742649509}.Release|Any CPU.ActiveCfg = Release|Any CPU
		{59943395-AB40-4BA7-BD86-747742649509}.Release|Any CPU.Build.0 = Release|Any CPU
	EndGlobalSection
	GlobalSection(SolutionProperties) = preSolution
		HideSolutionNode = FALSE
	EndGlobalSection
	GlobalSection(ExtensibilityGlobals) = postSolution
		SolutionGuid = {7DCF3B76-A433-4AAE-B9B0-7025C03A2248}
	EndGlobalSection
EndGlobal
